
Microsoft Visual Studio Solution File, Format Version 12.00
# Visual Studio 15
VisualStudioVersion = 15.0.27428.2043
MinimumVisualStudioVersion = 10.0.40219.1
Project("{FAE04EC0-301F-11D3-BF4B-00C04F79EFBC}") = "MilestoneTG.Http", "MilestoneTG.Http\MilestoneTG.Http.csproj", "{CAA74360-0DE6-4322-ADDE-D8961A712262}"
EndProject
Global
	GlobalSection(SolutionConfigurationPlatforms) = preSolution
		Debug|Any CPU = Debug|Any CPU
		Release|Any CPU = Release|Any CPU
	EndGlobalSection
	GlobalSection(ProjectConfigurationPlatforms) = postSolution
		{CAA74360-0DE6-4322-ADDE-D8961A712262}.Debug|Any CPU.ActiveCfg = Debug|Any CPU
		{CAA74360-0DE6-4322-ADDE-D8961A712262}.Debug|Any CPU.Build.0 = Debug|Any CPU
		{CAA74360-0DE6-4322-ADDE-D8961A712262}.Release|Any CPU.ActiveCfg = Release|Any CPU
		{CAA74360-0DE6-4322-ADDE-D8961A712262}.Release|Any CPU.Build.0 = Release|Any CPU
	EndGlobalSection
	GlobalSection(SolutionProperties) = preSolution
		HideSolutionNode = FALSE
	EndGlobalSection
	GlobalSection(ExtensibilityGlobals) = postSolution
		SolutionGuid = {6FC1E66A-51E2-4E39-86A4-5DE56E6A5B59}
	EndGlobalSection
EndGlobal
